{
  "object": {
    "pins": [
      {
        "package": "CachedAsyncImage",
        "repositoryURL": "https://github.com/lorenzofiamingo/SwiftUI-CachedAsyncImage.git",
        "state": {
          "branch": null,
          "revision": "cee502d1beb4780580222dc31cd7c8d8dec36959",
          "version": "1.2.1"
        }
      }
    ]
  },
  "version": 1
}
